
Microsoft Visual Studio Solution File, Format Version 12.00
# Visual Studio Version 17
VisualStudioVersion = 17.3.32929.385
MinimumVisualStudioVersion = 10.0.40219.1
Project("{FAE04EC0-301F-11D3-BF4B-00C04F79EFBC}") = "Grader", "Grader\Grader.csproj", "{D7B18AE3-C0EA-4BD0-BB55-18D787EBAA94}"
EndProject
Global
	GlobalSection(SolutionConfigurationPlatforms) = preSolution
		Debug|Any CPU = Debug|Any CPU
		Release|Any CPU = Release|Any CPU
	EndGlobalSection
	GlobalSection(ProjectConfigurationPlatforms) = postSolution
		{D7B18AE3-C0EA-4BD0-BB55-18D787EBAA94}.Debug|Any CPU.ActiveCfg = Debug|Any CPU
		{D7B18AE3-C0EA-4BD0-BB55-18D787EBAA94}.Debug|Any CPU.Build.0 = Debug|Any CPU
		{D7B18AE3-C0EA-4BD0-BB55-18D787EBAA94}.Release|Any CPU.ActiveCfg = Release|Any CPU
		{D7B18AE3-C0EA-4BD0-BB55-18D787EBAA94}.Release|Any CPU.Build.0 = Release|Any CPU
	EndGlobalSection
	GlobalSection(SolutionProperties) = preSolution
		HideSolutionNode = FALSE
	EndGlobalSection
	GlobalSection(ExtensibilityGlobals) = postSolution
		SolutionGuid = {D5B1E79B-8B27-48AB-B68E-6D28429854F6}
	EndGlobalSection
EndGlobal
